
Microsoft Visual Studio Solution File, Format Version 12.00
# Visual Studio Version 17
VisualStudioVersion = 17.3.32901.215
MinimumVisualStudioVersion = 10.0.40219.1
Project("{9A19103F-16F7-4668-BE54-9A1E7A4F7556}") = "FileService.Domain", "FileService.Domain\FileService.Domain.csproj", "{8BDCC95F-26A8-49CD-8E28-47FA40DA648E}"
EndProject
Project("{2150E333-8FDC-42A3-9474-1A3956D46DE8}") = "FileService", "FileService", "{E6B42E5F-9A92-4503-A5FA-D070E8CB898C}"
EndProject
Project("{9A19103F-16F7-4668-BE54-9A1E7A4F7556}") = "FileService.Infrastructure", "FileService.Infrastructure\FileService.Infrastructure.csproj", "{380E255B-A53A-4BDC-B307-39B2B7C54C31}"
EndProject
Project("{9A19103F-16F7-4668-BE54-9A1E7A4F7556}") = "FileService.WebAPI", "FileService.WebAPI\FileService.WebAPI.csproj", "{695012C6-33A7-476D-A1F3-0C5D1C4839AF}"
EndProject
Project("{9A19103F-16F7-4668-BE54-9A1E7A4F7556}") = "FileService.SDK.NETCore", "FileService.SDK.NETCore\FileService.SDK.NETCore.csproj", "{ED250A11-1B38-4B08-BB03-8D274B1240FF}"
EndProject
Project("{2150E333-8FDC-42A3-9474-1A3956D46DE8}") = "IdentiyService", "IdentiyService", "{CC335D14-383F-4FE2-900E-92E9958A5652}"
EndProject
Project("{9A19103F-16F7-4668-BE54-9A1E7A4F7556}") = "IdentityService.Domain", "IdentityService.Domain\IdentityService.Domain.csproj", "{925A706F-120E-470B-A108-5797CF128569}"
EndProject
Project("{9A19103F-16F7-4668-BE54-9A1E7A4F7556}") = "IdentityService.Infrastructure", "IdentityService.Infrastructure\IdentityService.Infrastructure.csproj", "{7A2B11C4-25CC-4055-90A3-BCD146BEA2AB}"
EndProject
Project("{9A19103F-16F7-4668-BE54-9A1E7A4F7556}") = "IdentityService.WebAPI", "IdentityService.WebAPI\IdentityService.WebAPI.csproj", "{14C9BE06-19BE-4366-8FF1-5F2E61A5366E}"
EndProject
Project("{2150E333-8FDC-42A3-9474-1A3956D46DE8}") = "Listening", "Listening", "{A7038CA6-21C9-4172-AC47-34F07AFA15A1}"
EndProject
Project("{9A19103F-16F7-4668-BE54-9A1E7A4F7556}") = "Listening.Domain", "Listening.Domain\Listening.Domain.csproj", "{04AC065C-F53F-45FD-B69F-277523A62281}"
EndProject
Project("{9A19103F-16F7-4668-BE54-9A1E7A4F7556}") = "Listening.Infrastructure", "Listening.Infrastructure\Listening.Infrastructure.csproj", "{5ED2CB42-2EDB-4411-87EE-3AAED8DC8CD4}"
EndProject
Project("{9A19103F-16F7-4668-BE54-9A1E7A4F7556}") = "Listening.Admin.WebAPI", "Listening.Admin.WebAPI\Listening.Admin.WebAPI.csproj", "{6A269430-0F05-4A9D-AECB-E8B1E966BAE9}"
EndProject
Project("{9A19103F-16F7-4668-BE54-9A1E7A4F7556}") = "Listening.Main.WebAPI", "Listening.Main.WebAPI\Listening.Main.WebAPI.csproj", "{551CC0BB-668C-46E5-BD74-947773112151}"
EndProject
Project("{2150E333-8FDC-42A3-9474-1A3956D46DE8}") = "MediaEncoder", "MediaEncoder", "{AD20DA34-D3CB-495A-9D5D-24BE0E09BA26}"
EndProject
Project("{9A19103F-16F7-4668-BE54-9A1E7A4F7556}") = "MediaEncoder.Domain", "MediaEncoder\MediaEncoder.Domain\MediaEncoder.Domain.csproj", "{7AB4F5C1-88B5-40A6-8117-B34248A01282}"
EndProject
Project("{9A19103F-16F7-4668-BE54-9A1E7A4F7556}") = "MediaEncoder.Infrastructure", "MediaEncoder\MediaEncoder.Infrastructure\MediaEncoder.Infrastructure.csproj", "{456A4991-BB97-4550-8347-479E4FA80ED1}"
EndProject
Project("{9A19103F-16F7-4668-BE54-9A1E7A4F7556}") = "MediaEncoder.WebAPI", "MediaEncoder\MediaEncoder.WebAPI\MediaEncoder.WebAPI.csproj", "{832BB308-63AF-47EA-ABFD-0CE312602BE9}"
EndProject
Project("{2150E333-8FDC-42A3-9474-1A3956D46DE8}") = "SearchService", "SearchService", "{A94126D0-F252-49E9-95E0-8292101C7D23}"
EndProject
Project("{FAE04EC0-301F-11D3-BF4B-00C04F79EFBC}") = "SearchService.Domain", "SearchService\SearchService.Domain\SearchService.Domain.csproj", "{4B1A6E04-7E9D-40BF-A61D-BAF0122CB523}"
EndProject
Project("{FAE04EC0-301F-11D3-BF4B-00C04F79EFBC}") = "SearchService.Infrastructure", "SearchService\SearchService.Infrastructure\SearchService.Infrastructure.csproj", "{86B82A67-CA88-48F5-965D-F41FAA441607}"
EndProject
Project("{FAE04EC0-301F-11D3-BF4B-00C04F79EFBC}") = "SearchService.WebAPI", "SearchService\SearchService.WebAPI\SearchService.WebAPI.csproj", "{AD36CBF2-65CD-404D-B7E3-35DC77B19021}"
EndProject
Global
	GlobalSection(SolutionConfigurationPlatforms) = preSolution
		Debug|Any CPU = Debug|Any CPU
		Release|Any CPU = Release|Any CPU
	EndGlobalSection
	GlobalSection(ProjectConfigurationPlatforms) = postSolution
		{8BDCC95F-26A8-49CD-8E28-47FA40DA648E}.Debug|Any CPU.ActiveCfg = Debug|Any CPU
		{8BDCC95F-26A8-49CD-8E28-47FA40DA648E}.Debug|Any CPU.Build.0 = Debug|Any CPU
		{8BDCC95F-26A8-49CD-8E28-47FA40DA648E}.Release|Any CPU.ActiveCfg = Release|Any CPU
		{8BDCC95F-26A8-49CD-8E28-47FA40DA648E}.Release|Any CPU.Build.0 = Release|Any CPU
		{380E255B-A53A-4BDC-B307-39B2B7C54C31}.Debug|Any CPU.ActiveCfg = Debug|Any CPU
		{380E255B-A53A-4BDC-B307-39B2B7C54C31}.Debug|Any CPU.Build.0 = Debug|Any CPU
		{380E255B-A53A-4BDC-B307-39B2B7C54C31}.Release|Any CPU.ActiveCfg = Release|Any CPU
		{380E255B-A53A-4BDC-B307-39B2B7C54C31}.Release|Any CPU.Build.0 = Release|Any CPU
		{695012C6-33A7-476D-A1F3-0C5D1C4839AF}.Debug|Any CPU.ActiveCfg = Debug|Any CPU
		{695012C6-33A7-476D-A1F3-0C5D1C4839AF}.Debug|Any CPU.Build.0 = Debug|Any CPU
		{695012C6-33A7-476D-A1F3-0C5D1C4839AF}.Release|Any CPU.ActiveCfg = Release|Any CPU
		{695012C6-33A7-476D-A1F3-0C5D1C4839AF}.Release|Any CPU.Build.0 = Release|Any CPU
		{ED250A11-1B38-4B08-BB03-8D274B1240FF}.Debug|Any CPU.ActiveCfg = Debug|Any CPU
		{ED250A11-1B38-4B08-BB03-8D274B1240FF}.Debug|Any CPU.Build.0 = Debug|Any CPU
		{ED250A11-1B38-4B08-BB03-8D274B1240FF}.Release|Any CPU.ActiveCfg = Release|Any CPU
		{ED250A11-1B38-4B08-BB03-8D274B1240FF}.Release|Any CPU.Build.0 = Release|Any CPU
		{925A706F-120E-470B-A108-5797CF128569}.Debug|Any CPU.ActiveCfg = Debug|Any CPU
		{925A706F-120E-470B-A108-5797CF128569}.Debug|Any CPU.Build.0 = Debug|Any CPU
		{925A706F-120E-470B-A108-5797CF128569}.Release|Any CPU.ActiveCfg = Release|Any CPU
		{925A706F-120E-470B-A108-5797CF128569}.Release|Any CPU.Build.0 = Release|Any CPU
		{7A2B11C4-25CC-4055-90A3-BCD146BEA2AB}.Debug|Any CPU.ActiveCfg = Debug|Any CPU
		{7A2B11C4-25CC-4055-90A3-BCD146BEA2AB}.Debug|Any CPU.Build.0 = Debug|Any CPU
		{7A2B11C4-25CC-4055-90A3-BCD146BEA2AB}.Release|Any CPU.ActiveCfg = Release|Any CPU
		{7A2B11C4-25CC-4055-90A3-BCD146BEA2AB}.Release|Any CPU.Build.0 = Release|Any CPU
		{14C9BE06-19BE-4366-8FF1-5F2E61A5366E}.Debug|Any CPU.ActiveCfg = Debug|Any CPU
		{14C9BE06-19BE-4366-8FF1-5F2E61A5366E}.Debug|Any CPU.Build.0 = Debug|Any CPU
		{14C9BE06-19BE-4366-8FF1-5F2E61A5366E}.Release|Any CPU.ActiveCfg = Release|Any CPU
		{14C9BE06-19BE-4366-8FF1-5F2E61A5366E}.Release|Any CPU.Build.0 = Release|Any CPU
		{04AC065C-F53F-45FD-B69F-277523A62281}.Debug|Any CPU.ActiveCfg = Debug|Any CPU
		{04AC065C-F53F-45FD-B69F-277523A62281}.Debug|Any CPU.Build.0 = Debug|Any CPU
		{04AC065C-F53F-45FD-B69F-277523A62281}.Release|Any CPU.ActiveCfg = Release|Any CPU
		{04AC065C-F53F-45FD-B69F-277523A62281}.Release|Any CPU.Build.0 = Release|Any CPU
		{5ED2CB42-2EDB-4411-87EE-3AAED8DC8CD4}.Debug|Any CPU.ActiveCfg = Debug|Any CPU
		{5ED2CB42-2EDB-4411-87EE-3AAED8DC8CD4}.Debug|Any CPU.Build.0 = Debug|Any CPU
		{5ED2CB42-2EDB-4411-87EE-3AAED8DC8CD4}.Release|Any CPU.ActiveCfg = Release|Any CPU
		{5ED2CB42-2EDB-4411-87EE-3AAED8DC8CD4}.Release|Any CPU.Build.0 = Release|Any CPU
		{6A269430-0F05-4A9D-AECB-E8B1E966BAE9}.Debug|Any CPU.ActiveCfg = Debug|Any CPU
		{6A269430-0F05-4A9D-AECB-E8B1E966BAE9}.Debug|Any CPU.Build.0 = Debug|Any CPU
		{6A269430-0F05-4A9D-AECB-E8B1E966BAE9}.Release|Any CPU.ActiveCfg = Release|Any CPU
		{6A269430-0F05-4A9D-AECB-E8B1E966BAE9}.Release|Any CPU.Build.0 = Release|Any CPU
		{551CC0BB-668C-46E5-BD74-947773112151}.Debug|Any CPU.ActiveCfg = Debug|Any CPU
		{551CC0BB-668C-46E5-BD74-947773112151}.Debug|Any CPU.Build.0 = Debug|Any CPU
		{551CC0BB-668C-46E5-BD74-947773112151}.Release|Any CPU.ActiveCfg = Release|Any CPU
		{551CC0BB-668C-46E5-BD74-947773112151}.Release|Any CPU.Build.0 = Release|Any CPU
		{7AB4F5C1-88B5-40A6-8117-B34248A01282}.Debug|Any CPU.ActiveCfg = Debug|Any CPU
		{7AB4F5C1-88B5-40A6-8117-B34248A01282}.Debug|Any CPU.Build.0 = Debug|Any CPU
		{7AB4F5C1-88B5-40A6-8117-B34248A01282}.Release|Any CPU.ActiveCfg = Release|Any CPU
		{7AB4F5C1-88B5-40A6-8117-B34248A01282}.Release|Any CPU.Build.0 = Release|Any CPU
		{456A4991-BB97-4550-8347-479E4FA80ED1}.Debug|Any CPU.ActiveCfg = Debug|Any CPU
		{456A4991-BB97-4550-8347-479E4FA80ED1}.Debug|Any CPU.Build.0 = Debug|Any CPU
		{456A4991-BB97-4550-8347-479E4FA80ED1}.Release|Any CPU.ActiveCfg = Release|Any CPU
		{456A4991-BB97-4550-8347-479E4FA80ED1}.Release|Any CPU.Build.0 = Release|Any CPU
		{832BB308-63AF-47EA-ABFD-0CE312602BE9}.Debug|Any CPU.ActiveCfg = Debug|Any CPU
		{832BB308-63AF-47EA-ABFD-0CE312602BE9}.Debug|Any CPU.Build.0 = Debug|Any CPU
		{832BB308-63AF-47EA-ABFD-0CE312602BE9}.Release|Any CPU.ActiveCfg = Release|Any CPU
		{832BB308-63AF-47EA-ABFD-0CE312602BE9}.Release|Any CPU.Build.0 = Release|Any CPU
		{4B1A6E04-7E9D-40BF-A61D-BAF0122CB523}.Debug|Any CPU.ActiveCfg = Debug|Any CPU
		{4B1A6E04-7E9D-40BF-A61D-BAF0122CB523}.Debug|Any CPU.Build.0 = Debug|Any CPU
		{4B1A6E04-7E9D-40BF-A61D-BAF0122CB523}.Release|Any CPU.ActiveCfg = Release|Any CPU
		{4B1A6E04-7E9D-40BF-A61D-BAF0122CB523}.Release|Any CPU.Build.0 = Release|Any CPU
		{86B82A67-CA88-48F5-965D-F41FAA441607}.Debug|Any CPU.ActiveCfg = Debug|Any CPU
		{86B82A67-CA88-48F5-965D-F41FAA441607}.Debug|Any CPU.Build.0 = Debug|Any CPU
		{86B82A67-CA88-48F5-965D-F41FAA441607}.Release|Any CPU.ActiveCfg = Release|Any CPU
		{86B82A67-CA88-48F5-965D-F41FAA441607}.Release|Any CPU.Build.0 = Release|Any CPU
		{AD36CBF2-65CD-404D-B7E3-35DC77B19021}.Debug|Any CPU.ActiveCfg = Debug|Any CPU
		{AD36CBF2-65CD-404D-B7E3-35DC77B19021}.Debug|Any CPU.Build.0 = Debug|Any CPU
		{AD36CBF2-65CD-404D-B7E3-35DC77B19021}.Release|Any CPU.ActiveCfg = Release|Any CPU
		{AD36CBF2-65CD-404D-B7E3-35DC77B19021}.Release|Any CPU.Build.0 = Release|Any CPU
	EndGlobalSection
	GlobalSection(SolutionProperties) = preSolution
		HideSolutionNode = FALSE
	EndGlobalSection
	GlobalSection(NestedProjects) = preSolution
		{8BDCC95F-26A8-49CD-8E28-47FA40DA648E} = {E6B42E5F-9A92-4503-A5FA-D070E8CB898C}
		{380E255B-A53A-4BDC-B307-39B2B7C54C31} = {E6B42E5F-9A92-4503-A5FA-D070E8CB898C}
		{695012C6-33A7-476D-A1F3-0C5D1C4839AF} = {E6B42E5F-9A92-4503-A5FA-D070E8CB898C}
		{ED250A11-1B38-4B08-BB03-8D274B1240FF} = {E6B42E5F-9A92-4503-A5FA-D070E8CB898C}
		{925A706F-120E-470B-A108-5797CF128569} = {CC335D14-383F-4FE2-900E-92E9958A5652}
		{7A2B11C4-25CC-4055-90A3-BCD146BEA2AB} = {CC335D14-383F-4FE2-900E-92E9958A5652}
		{14C9BE06-19BE-4366-8FF1-5F2E61A5366E} = {CC335D14-383F-4FE2-900E-92E9958A5652}
		{04AC065C-F53F-45FD-B69F-277523A62281} = {A7038CA6-21C9-4172-AC47-34F07AFA15A1}
		{5ED2CB42-2EDB-4411-87EE-3AAED8DC8CD4} = {A7038CA6-21C9-4172-AC47-34F07AFA15A1}
		{6A269430-0F05-4A9D-AECB-E8B1E966BAE9} = {A7038CA6-21C9-4172-AC47-34F07AFA15A1}
		{551CC0BB-668C-46E5-BD74-947773112151} = {A7038CA6-21C9-4172-AC47-34F07AFA15A1}
		{7AB4F5C1-88B5-40A6-8117-B34248A01282} = {AD20DA34-D3CB-495A-9D5D-24BE0E09BA26}
		{456A4991-BB97-4550-8347-479E4FA80ED1} = {AD20DA34-D3CB-495A-9D5D-24BE0E09BA26}
		{832BB308-63AF-47EA-ABFD-0CE312602BE9} = {AD20DA34-D3CB-495A-9D5D-24BE0E09BA26}
		{4B1A6E04-7E9D-40BF-A61D-BAF0122CB523} = {A94126D0-F252-49E9-95E0-8292101C7D23}
		{86B82A67-CA88-48F5-965D-F41FAA441607} = {A94126D0-F252-49E9-95E0-8292101C7D23}
		{AD36CBF2-65CD-404D-B7E3-35DC77B19021} = {A94126D0-F252-49E9-95E0-8292101C7D23}
	EndGlobalSection
	GlobalSection(ExtensibilityGlobals) = postSolution
		SolutionGuid = {BC89C0CE-F151-41A1-9C75-0A31A05C6AB8}
	EndGlobalSection
EndGlobal
